
Microsoft Visual Studio Solution File, Format Version 12.00
# Visual Studio Version 16
VisualStudioVersion = 16.0.31515.178
MinimumVisualStudioVersion = 10.0.40219.1
Project("{9A19103F-16F7-4668-BE54-9A1E7A4F7556}") = "Workaround", "Workaround\Workaround.csproj", "{B70586C8-F004-4F55-932A-870FB4CE1CA2}"
EndProject
Project("{FAE04EC0-301F-11D3-BF4B-00C04F79EFBC}") = "Entities", "Entities\Entities.csproj", "{BEDFF8FB-A025-4134-B4E9-FE962EB71442}"
EndProject
Project("{FAE04EC0-301F-11D3-BF4B-00C04F79EFBC}") = "Business", "Business\Business.csproj", "{DCB787DF-BC12-4C02-8223-154305D69933}"
EndProject
Global
	GlobalSection(SolutionConfigurationPlatforms) = preSolution
		Debug|Any CPU = Debug|Any CPU
		Release|Any CPU = Release|Any CPU
	EndGlobalSection
	GlobalSection(ProjectConfigurationPlatforms) = postSolution
		{B70586C8-F004-4F55-932A-870FB4CE1CA2}.Debug|Any CPU.ActiveCfg = Debug|Any CPU
		{B70586C8-F004-4F55-932A-870FB4CE1CA2}.Debug|Any CPU.Build.0 = Debug|Any CPU
		{B70586C8-F004-4F55-932A-870FB4CE1CA2}.Release|Any CPU.ActiveCfg = Release|Any CPU
		{B70586C8-F004-4F55-932A-870FB4CE1CA2}.Release|Any CPU.Build.0 = Release|Any CPU
		{BEDFF8FB-A025-4134-B4E9-FE962EB71442}.Debug|Any CPU.ActiveCfg = Debug|Any CPU
		{BEDFF8FB-A025-4134-B4E9-FE962EB71442}.Debug|Any CPU.Build.0 = Debug|Any CPU
		{BEDFF8FB-A025-4134-B4E9-FE962EB71442}.Release|Any CPU.ActiveCfg = Release|Any CPU
		{BEDFF8FB-A025-4134-B4E9-FE962EB71442}.Release|Any CPU.Build.0 = Release|Any CPU
		{DCB787DF-BC12-4C02-8223-154305D69933}.Debug|Any CPU.ActiveCfg = Debug|Any CPU
		{DCB787DF-BC12-4C02-8223-154305D69933}.Debug|Any CPU.Build.0 = Debug|Any CPU
		{DCB787DF-BC12-4C02-8223-154305D69933}.Release|Any CPU.ActiveCfg = Release|Any CPU
		{DCB787DF-BC12-4C02-8223-154305D69933}.Release|Any CPU.Build.0 = Release|Any CPU
	EndGlobalSection
	GlobalSection(SolutionProperties) = preSolution
		HideSolutionNode = FALSE
	EndGlobalSection
	GlobalSection(ExtensibilityGlobals) = postSolution
		SolutionGuid = {38D9F566-DA9A-440C-9AE4-419BEE920063}
	EndGlobalSection
EndGlobal
